
Microsoft Visual Studio Solution File, Format Version 12.00
# Visual Studio Version 16
VisualStudioVersion = 16.0.29613.14
MinimumVisualStudioVersion = 10.0.40219.1
Project("{FAE04EC0-301F-11D3-BF4B-00C04F79EFBC}") = "TelegramMessageHub", "TelegramMessageHub\TelegramMessageHub.csproj", "{4AA8C22E-62D3-4C09-9B47-18C6E5B1D7B3}"
EndProject
Global
	GlobalSection(SolutionConfigurationPlatforms) = preSolution
		Debug|Any CPU = Debug|Any CPU
		Release|Any CPU = Release|Any CPU
	EndGlobalSection
	GlobalSection(ProjectConfigurationPlatforms) = postSolution
		{4AA8C22E-62D3-4C09-9B47-18C6E5B1D7B3}.Debug|Any CPU.ActiveCfg = Debug|Any CPU
		{4AA8C22E-62D3-4C09-9B47-18C6E5B1D7B3}.Debug|Any CPU.Build.0 = Debug|Any CPU
		{4AA8C22E-62D3-4C09-9B47-18C6E5B1D7B3}.Release|Any CPU.ActiveCfg = Release|Any CPU
		{4AA8C22E-62D3-4C09-9B47-18C6E5B1D7B3}.Release|Any CPU.Build.0 = Release|Any CPU
	EndGlobalSection
	GlobalSection(SolutionProperties) = preSolution
		HideSolutionNode = FALSE
	EndGlobalSection
	GlobalSection(ExtensibilityGlobals) = postSolution
		SolutionGuid = {E7ED3457-E26D-4150-8B8E-80559E48922F}
	EndGlobalSection
EndGlobal
